
Microsoft Visual Studio Solution File, Format Version 12.00
# Visual Studio Version 17
VisualStudioVersion = 17.3.32825.248
MinimumVisualStudioVersion = 10.0.40219.1
Project("{9A19103F-16F7-4668-BE54-9A1E7A4F7556}") = "Meppy", "Meppy\Meppy.csproj", "{D3741321-572F-4124-B3AE-6A7A11DF1E18}"
EndProject
Global
	GlobalSection(SolutionConfigurationPlatforms) = preSolution
		Debug|Any CPU = Debug|Any CPU
		Release|Any CPU = Release|Any CPU
	EndGlobalSection
	GlobalSection(ProjectConfigurationPlatforms) = postSolution
		{D3741321-572F-4124-B3AE-6A7A11DF1E18}.Debug|Any CPU.ActiveCfg = Debug|Any CPU
		{D3741321-572F-4124-B3AE-6A7A11DF1E18}.Debug|Any CPU.Build.0 = Debug|Any CPU
		{D3741321-572F-4124-B3AE-6A7A11DF1E18}.Release|Any CPU.ActiveCfg = Release|Any CPU
		{D3741321-572F-4124-B3AE-6A7A11DF1E18}.Release|Any CPU.Build.0 = Release|Any CPU
	EndGlobalSection
	GlobalSection(SolutionProperties) = preSolution
		HideSolutionNode = FALSE
	EndGlobalSection
	GlobalSection(ExtensibilityGlobals) = postSolution
		SolutionGuid = {7DFCA046-D263-4C91-BE0A-20569D963EE2}
	EndGlobalSection
EndGlobal
